Microsoft Visual Studio Solution File, Format Version 12.00
# Visual Studio Version 17
VisualStudioVersion = 17.0.31903.59
MinimumVisualStudioVersion = 10.0.40219.1
Project("{FAE04EC0-301F-11D3-BF4B-00C04F79EFBC}") = "Rota", "Rota\Rota.csproj", "{7A4F9C3B-2E1D-4A02-9F4D-0E9A1B2C3D4E}"
EndProject
Global
	GlobalSection(SolutionConfigurationPlatforms) = preSolution
		Debug|x64 = Debug|x64
		Release|x64 = Release|x64
	EndGlobalSection
	GlobalSection(ProjectConfigurationPlatforms) = postSolution
		{7A4F9C3B-2E1D-4A02-9F4D-0E9A1B2C3D4E}.Debug|x64.ActiveCfg = Debug|x64
		{7A4F9C3B-2E1D-4A02-9F4D-0E9A1B2C3D4E}.Debug|x64.Build.0 = Debug|x64
		{7A4F9C3B-2E1D-4A02-9F4D-0E9A1B2C3D4E}.Release|x64.ActiveCfg = Release|x64
		{7A4F9C3B-2E1D-4A02-9F4D-0E9A1B2C3D4E}.Release|x64.Build.0 = Release|x64
	EndGlobalSection
	GlobalSection(SolutionProperties) = preSolution
		HideSolutionNode = FALSE
	EndGlobalSection
EndGlobal
